{
  "version": 4,
  "terraform_version": "1.14.3",
  "serial": 14,
  "lineage": "d9dbee63-3ccb-6671-5854-6547a17ec0ea",
  "outputs": {},
  "resources": [
    {
      "mode": "managed",
      "type": "google_container_cluster",
      "name": "todo_cluster",
      "provider": "provider[\"registry.terraform.io/hashicorp/google\"]",
      "instances": [
        {
          "schema_version": 2,
          "attributes": {
            "addons_config": [
              {
                "cloudrun_config": [],
                "config_connector_config": [],
                "dns_cache_config": [],
                "gce_persistent_disk_csi_driver_config": [
                  {
                    "enabled": true
                  }
                ],
                "gcp_filestore_csi_driver_config": [],
                "gcs_fuse_csi_driver_config": [],
                "gke_backup_agent_config": [],
                "horizontal_pod_autoscaling": [],
                "http_load_balancing": [],
                "lustre_csi_driver_config": [],
                "network_policy_config": [
                  {
                    "disabled": true
                  }
                ],
                "parallelstore_csi_driver_config": [],
                "ray_operator_config": [],
                "stateful_ha_config": []
              }
            ],
            "allow_net_admin": null,
            "anonymous_authentication_config": [
              {
                "mode": "ENABLED"
              }
            ],
            "authenticator_groups_config": [],
            "binary_authorization": [
              {
                "enabled": false,
                "evaluation_mode": ""
              }
            ],
            "cluster_autoscaling": [
              {
                "auto_provisioning_defaults": [],
                "auto_provisioning_locations": [],
                "autoscaling_profile": "BALANCED",
                "default_compute_class_enabled": false,
                "enabled": false,
                "resource_limits": []
              }
            ],
            "cluster_ipv4_cidr": "10.68.0.0/14",
            "confidential_nodes": [],
            "control_plane_endpoints_config": [
              {
                "dns_endpoint_config": [
                  {
                    "allow_external_traffic": false,
                    "enable_k8s_certs_via_dns": false,
                    "enable_k8s_tokens_via_dns": false,
                    "endpoint": "gke-80c2fd8d97444fc486f4ba09b5a52a9554a2-378042797368.asia-east2-a.gke.goog"
                  }
                ],
                "ip_endpoints_config": [
                  {
                    "enabled": true
                  }
                ]
              }
            ],
            "cost_management_config": [],
            "database_encryption": [
              {
                "key_name": "",
                "state": "DECRYPTED"
              }
            ],
            "datapath_provider": "",
            "default_max_pods_per_node": 110,
            "default_snat_status": [
              {
                "disabled": false
              }
            ],
            "deletion_protection": true,
            "description": "",
            "disable_l4_lb_firewall_reconciliation": false,
            "dns_config": [],
            "effective_labels": {
              "goog-terraform-provisioned": "true"
            },
            "enable_autopilot": false,
            "enable_cilium_clusterwide_network_policy": false,
            "enable_fqdn_network_policy": false,
            "enable_intranode_visibility": false,
            "enable_k8s_beta_apis": [],
            "enable_kubernetes_alpha": false,
            "enable_l4_ilb_subsetting": false,
            "enable_legacy_abac": false,
            "enable_multi_networking": false,
            "enable_shielded_nodes": true,
            "enable_tpu": false,
            "endpoint": "34.150.36.99",
            "enterprise_config": [
              {
                "cluster_tier": "STANDARD",
                "desired_tier": ""
              }
            ],
            "fleet": [],
            "gateway_api_config": [],
            "gke_auto_upgrade_config": [],
            "id": "projects/project-60addf72-be9c-4c26-8db/locations/asia-east2-a/clusters/todo-cluster",
            "identity_service_config": [],
            "in_transit_encryption_config": "",
            "initial_node_count": 1,
            "ip_allocation_policy": [
              {
                "additional_ip_ranges_config": [],
                "additional_pod_ranges_config": [],
                "auto_ipam_config": [],
                "cluster_ipv4_cidr_block": "10.68.0.0/14",
                "cluster_secondary_range_name": "gke-todo-cluster-pods-80c2fd8d",
                "network_tier_config": [
                  {
                    "network_tier": "NETWORK_TIER_DEFAULT"
                  }
                ],
                "pod_cidr_overprovision_config": [
                  {
                    "disabled": false
                  }
                ],
                "services_ipv4_cidr_block": "34.118.224.0/20",
                "services_secondary_range_name": "",
                "stack_type": "IPV4"
              }
            ],
            "label_fingerprint": "78cdf2f6",
            "location": "asia-east2-a",
            "logging_config": [
              {
                "enable_components": [
                  "SYSTEM_COMPONENTS",
                  "WORKLOADS"
                ]
              }
            ],
            "logging_service": "logging.googleapis.com/kubernetes",
            "maintenance_policy": [],
            "master_auth": [
              {
                "client_certificate": "",
                "client_certificate_config": [
                  {
                    "issue_client_certificate": false
                  }
                ],
                "client_key": "",
                "cluster_ca_certificate": "LS0tLS1CRUdJTiBDRVJUSUZJQ0FURS0tLS0tCk1JSUVMVENDQXBXZ0F3SUJBZ0lSQU5KZHFRL3oyOHVDRHVFMTRGRURwT293RFFZSktvWklodmNOQVFFTEJRQXcKTHpFdE1Dc0dBMVVFQXhNa1pEWTBOMlV6WW1RdFlqZG1aQzAwWVdKbUxUaGlOall0TkRKbU9EVTFaakl3WTJSbApNQ0FYRFRJMU1USXlNREV4TVRJMU5Wb1lEekl3TlRVeE1qRXpNVEl4TWpVMVdqQXZNUzB3S3dZRFZRUURFeVJrCk5qUTNaVE5pWkMxaU4yWmtMVFJoWW1ZdE9HSTJOaTAwTW1ZNE5UVm1NakJqWkdVd2dnR2lNQTBHQ1NxR1NJYjMKRFFFQkFRVUFBNElCandBd2dnR0tBb0lCZ1FDbEl4b2Z2UU9GVTh0YjJoNnhXQWFsOUJMeG83dUp0UlZMbzZJcwpoME5ob0U1VFdGdTMzVkRrc0U5VDRxQ1FLenNoeFJnZXhKWVZBZ2FGK0ZPMGlyaExXbzAxNTRqRFAvQXF4K1VRCldXTysybmdVN1ZaOEdQekROZFhOcmR0WlVxZ0hZSWJQakgwQ3MxazF2dGwydUJJZW53eVFDOWNPWGxWU3M2ZFcKb0wyRUZlc1BZSUN1eHdYWGg2RFNMcVpTUTEwRTRDYlBBVXVvQkJyQkJRZnR6Z1VUU2t4aEFpZE1Hd1VVczBhTQp0Vm1LYTNDZThTQmhtWXlQVnkyUXJ6SlpESUhWZnZ1UE5kSkYwODJ6R001dHJtbDhpRnR5ZDIrVWhRcVROVlBHCjJHaG1DNytCUjR6YVc1Q0wrUC9haWR2L3d2bEtBYytSUmxtWWxPOFg0bHgwSWNDS2diQ3c4eEFCZFdqTTZvTGIKWUFRdlF4YmVPU09sb08xUU55Tm9qSVlzaldJbWl0Tk5Vcm50YXdBaGVGNHh4KzRBN0dnRjNKdmpDd1Bka1hTaApRZzJOT200V0h1RW5IaXdqN1dRQXF2aC9WK05QVzA0Z0NuWXNFRGhtanhPZW1EcHNVdXVUMGw2eldMTEpUSEpwCkxkdUwrbHVneXVManY1WDMya0taRy9GZWQvc0NBd0VBQWFOQ01FQXdEZ1lEVlIwUEFRSC9CQVFEQWdJRU1BOEcKQTFVZEV3RUIvd1FGTUFNQkFmOHdIUVlEVlIwT0JCWUVGRFFTK0hZNjBBRHV4SkpkVmlQMVM4NWM2QU5UTUEwRwpDU3FHU0liM0RRRUJDd1VBQTRJQmdRQU1HYkpkOVJ1aStHR1dET1Q5TkE3b09PNTRMOUxzMHVsNzdwWWNzTGNsCnRVMzl0NlczcTZKZU1iS1RZUmhtSVYxVitxZ25Jb2VvYXVzRGlZZUtYWGFKUEdyNTRzeTBkeUFLdnptczY1ZzMKNmlHdDY3TEdYYVYyMlN5NktzNUM5VXZmdUdBWmdtSkJybUpMWFRlcVJYYnlRRFNYZThOUUlNT0xoRVBSOVJ4OAprVytVb200K3ZWWkxnQUl4c0ZET2NhR0JoL0Zjc0RZaUZ0bElwSUhZM2lmcTdGTURIQVZ1RXlOd21hMk1MVWhaCkc0a04vd0pXM2xHSnpGK2xsdWtQK2F4WTNGUlgwVDFMc2JIR2FFQXV2eVlDNHRLM3F0VW4wVEFXeXQ1RGU1dWoKQzRVdjBwMm9NUXFuNnJ4TEFJZ01FT2ViVTVoNjFDV24rdDVKYzdURitSaTkvZlRPU2RQLzcyampMcEE0ekNZdwpuWklWTkoyWEVvKzcyVVAxWjRWNnR4VE05U082dDhHbzBPbGZMWUgweDZQdU4yWHF2c0VhNTJxN2dQOFVwS0laCnJPc0FCamI2Y3dDL3dWQlB3TWlvVDNYWmhhejltdnVkbVlSUGdjK05DOVkzVzJBRlRtVHFkZklTVzI4RE5MbUIKSG1ucTJiU0RWdFdONEI4b1JVSXRPWTg9Ci0tLS0tRU5EIENFUlRJRklDQVRFLS0tLS0K"
              }
            ],
            "master_authorized_networks_config": [],
            "master_version": "1.33.5-gke.1308000",
            "mesh_certificates": [],
            "min_master_version": null,
            "monitoring_config": [
              {
                "advanced_datapath_observability_config": [
                  {
                    "enable_metrics": false,
                    "enable_relay": false
                  }
                ],
                "enable_components": [
                  "SYSTEM_COMPONENTS",
                  "DAEMONSET",
                  "DEPLOYMENT",
                  "STATEFULSET",
                  "JOBSET",
                  "STORAGE",
                  "HPA",
                  "POD",
                  "CADVISOR",
                  "KUBELET",
                  "DCGM"
                ],
                "managed_prometheus": [
                  {
                    "auto_monitoring_config": [],
                    "enabled": true
                  }
                ]
              }
            ],
            "monitoring_service": "monitoring.googleapis.com/kubernetes",
            "name": "todo-cluster",
            "network": "projects/project-60addf72-be9c-4c26-8db/global/networks/default",
            "network_performance_config": [],
            "network_policy": [
              {
                "enabled": false,
                "provider": "PROVIDER_UNSPECIFIED"
              }
            ],
            "networking_mode": "VPC_NATIVE",
            "node_config": [],
            "node_locations": [],
            "node_pool": [],
            "node_pool_auto_config": [
              {
                "linux_node_config": [],
                "network_tags": [],
                "node_kubelet_config": [
                  {
                    "insecure_kubelet_readonly_port_enabled": "FALSE"
                  }
                ],
                "resource_manager_tags": {}
              }
            ],
            "node_pool_defaults": [
              {
                "node_config_defaults": [
                  {
                    "containerd_config": [],
                    "gcfs_config": [],
                    "insecure_kubelet_readonly_port_enabled": "FALSE",
                    "logging_variant": "DEFAULT"
                  }
                ]
              }
            ],
            "node_version": "1.33.5-gke.1308000",
            "notification_config": [
              {
                "pubsub": [
                  {
                    "enabled": false,
                    "filter": [],
                    "topic": ""
                  }
                ]
              }
            ],
            "operation": null,
            "pod_autoscaling": [
              {
                "hpa_profile": "HPA_PROFILE_UNSPECIFIED"
              }
            ],
            "private_cluster_config": [
              {
                "enable_private_endpoint": false,
                "enable_private_nodes": false,
                "master_global_access_config": [
                  {
                    "enabled": false
                  }
                ],
                "master_ipv4_cidr_block": "",
                "peering_name": "",
                "private_endpoint": "10.170.0.9",
                "private_endpoint_subnetwork": "",
                "public_endpoint": "34.150.36.99"
              }
            ],
            "private_ipv6_google_access": "",
            "project": "project-60addf72-be9c-4c26-8db",
            "rbac_binding_config": [
              {
                "enable_insecure_binding_system_authenticated": true,
                "enable_insecure_binding_system_unauthenticated": true
              }
            ],
            "release_channel": [
              {
                "channel": "REGULAR"
              }
            ],
            "remove_default_node_pool": true,
            "resource_labels": null,
            "resource_usage_export_config": [],
            "secret_manager_config": [
              {
                "enabled": false,
                "rotation_config": []
              }
            ],
            "security_posture_config": [
              {
                "mode": "BASIC",
                "vulnerability_mode": "VULNERABILITY_MODE_UNSPECIFIED"
              }
            ],
            "self_link": "https://container.googleapis.com/v1/projects/project-60addf72-be9c-4c26-8db/zones/asia-east2-a/clusters/todo-cluster",
            "service_external_ips_config": [
              {
                "enabled": false
              }
            ],
            "services_ipv4_cidr": "34.118.224.0/20",
            "subnetwork": "projects/project-60addf72-be9c-4c26-8db/regions/asia-east2/subnetworks/default",
            "terraform_labels": {
              "goog-terraform-provisioned": "true"
            },
            "timeouts": null,
            "tpu_ipv4_cidr_block": "",
            "user_managed_keys_config": [],
            "vertical_pod_autoscaling": [],
            "workload_identity_config": [
              {
                "workload_pool": "project-60addf72-be9c-4c26-8db.svc.id.goog"
              }
            ]
          },
          "sensitive_attributes": [
            [
              {
                "type": "get_attr",
                "value": "master_auth"
              },
              {
                "type": "index",
                "value": {
                  "value": 0,
                  "type": "number"
                }
              },
              {
                "type": "get_attr",
                "value": "client_key"
              }
            ]
          ],
          "identity_schema_version": 0,
          "private": "eyJlMmJmYjczMC1lY2FhLTExZTYtOGY4OC0zNDM2M2JjN2M0YzAiOnsiY3JlYXRlIjoyNDAwMDAwMDAwMDAwLCJkZWxldGUiOjI0MDAwMDAwMDAwMDAsInJlYWQiOjI0MDAwMDAwMDAwMDAsInVwZGF0ZSI6MzYwMDAwMDAwMDAwMH0sInNjaGVtYV92ZXJzaW9uIjoiMiJ9"
        }
      ]
    },
    {
      "mode": "managed",
      "type": "google_container_node_pool",
      "name": "primary_nodes",
      "provider": "provider[\"registry.terraform.io/hashicorp/google\"]",
      "instances": [
        {
          "schema_version": 1,
          "attributes": {
            "autoscaling": [
              {
                "location_policy": "BALANCED",
                "max_node_count": 5,
                "min_node_count": 1,
                "total_max_node_count": 0,
                "total_min_node_count": 0
              }
            ],
            "cluster": "todo-cluster",
            "id": "projects/project-60addf72-be9c-4c26-8db/locations/asia-east2-a/clusters/todo-cluster/nodePools/todo-node-pool",
            "initial_node_count": 2,
            "instance_group_urls": [
              "https://www.googleapis.com/compute/v1/projects/project-60addf72-be9c-4c26-8db/zones/asia-east2-a/instanceGroupManagers/gke-todo-cluster-todo-node-pool-d605734b-grp"
            ],
            "location": "asia-east2-a",
            "managed_instance_group_urls": [
              "https://www.googleapis.com/compute/v1/projects/project-60addf72-be9c-4c26-8db/zones/asia-east2-a/instanceGroups/gke-todo-cluster-todo-node-pool-d605734b-grp"
            ],
            "management": [
              {
                "auto_repair": true,
                "auto_upgrade": true
              }
            ],
            "max_pods_per_node": 110,
            "name": "todo-node-pool",
            "name_prefix": "",
            "network_config": [
              {
                "additional_node_network_configs": [],
                "additional_pod_network_configs": [],
                "create_pod_range": false,
                "enable_private_nodes": false,
                "network_performance_config": [],
                "pod_cidr_overprovision_config": [],
                "pod_ipv4_cidr_block": "10.68.0.0/14",
                "pod_range": "gke-todo-cluster-pods-80c2fd8d",
                "subnetwork": "projects/project-60addf72-be9c-4c26-8db/regions/asia-east2/subnetworks/default"
              }
            ],
            "node_config": [
              {
                "advanced_machine_features": [],
                "boot_disk": [
                  {
                    "disk_type": "pd-standard",
                    "provisioned_iops": 0,
                    "provisioned_throughput": 0,
                    "size_gb": 40
                  }
                ],
                "boot_disk_kms_key": "",
                "confidential_nodes": [],
                "containerd_config": [],
                "disk_size_gb": 40,
                "disk_type": "pd-standard",
                "effective_taints": [],
                "enable_confidential_storage": false,
                "ephemeral_storage_local_ssd_config": [],
                "fast_socket": [],
                "flex_start": false,
                "gcfs_config": [],
                "guest_accelerator": [],
                "gvnic": [],
                "host_maintenance_policy": [],
                "image_type": "COS_CONTAINERD",
                "kubelet_config": [
                  {
                    "allowed_unsafe_sysctls": [],
                    "container_log_max_files": 0,
                    "container_log_max_size": "",
                    "cpu_cfs_quota": false,
                    "cpu_cfs_quota_period": "",
                    "cpu_manager_policy": "",
                    "eviction_max_pod_grace_period_seconds": 0,
                    "eviction_minimum_reclaim": [],
                    "eviction_soft": [],
                    "eviction_soft_grace_period": [],
                    "image_gc_high_threshold_percent": 0,
                    "image_gc_low_threshold_percent": 0,
                    "image_maximum_gc_age": "",
                    "image_minimum_gc_age": "",
                    "insecure_kubelet_readonly_port_enabled": "FALSE",
                    "max_parallel_image_pulls": 2,
                    "memory_manager": [],
                    "pod_pids_limit": 0,
                    "single_process_oom_kill": false,
                    "topology_manager": []
                  }
                ],
                "labels": {},
                "linux_node_config": [],
                "local_nvme_ssd_block_config": [],
                "local_ssd_count": 0,
                "local_ssd_encryption_mode": "",
                "logging_variant": "DEFAULT",
                "machine_type": "e2-medium",
                "max_run_duration": "",
                "metadata": {
                  "disable-legacy-endpoints": "true"
                },
                "min_cpu_platform": "",
                "node_group": "",
                "oauth_scopes": [
                  "https://www.googleapis.com/auth/cloud-platform"
                ],
                "preemptible": false,
                "reservation_affinity": [],
                "resource_labels": {
                  "goog-gke-node-pool-provisioning-model": "on-demand"
                },
                "resource_manager_tags": null,
                "secondary_boot_disks": [],
                "service_account": "default",
                "shielded_instance_config": [
                  {
                    "enable_integrity_monitoring": true,
                    "enable_secure_boot": false
                  }
                ],
                "sole_tenant_config": [],
                "spot": false,
                "storage_pools": null,
                "tags": null,
                "taint": [],
                "windows_node_config": [
                  {
                    "osversion": ""
                  }
                ],
                "workload_metadata_config": [
                  {
                    "mode": "GKE_METADATA"
                  }
                ]
              }
            ],
            "node_count": 2,
            "node_locations": [
              "asia-east2-a"
            ],
            "operation": null,
            "placement_policy": [],
            "project": "project-60addf72-be9c-4c26-8db",
            "queued_provisioning": [],
            "timeouts": null,
            "upgrade_settings": [
              {
                "blue_green_settings": [],
                "max_surge": 1,
                "max_unavailable": 0,
                "strategy": "SURGE"
              }
            ],
            "version": "1.33.5-gke.1308000"
          },
          "sensitive_attributes": [],
          "identity_schema_version": 0,
          "private": "eyJlMmJmYjczMC1lY2FhLTExZTYtOGY4OC0zNDM2M2JjN2M0YzAiOnsiY3JlYXRlIjoxODAwMDAwMDAwMDAwLCJkZWxldGUiOjE4MDAwMDAwMDAwMDAsInVwZGF0ZSI6MTgwMDAwMDAwMDAwMH0sInNjaGVtYV92ZXJzaW9uIjoiMSJ9",
          "dependencies": [
            "google_container_cluster.todo_cluster"
          ]
        }
      ]
    },
    {
      "mode": "managed",
      "type": "google_project_iam_member",
      "name": "sql_client_role",
      "provider": "provider[\"registry.terraform.io/hashicorp/google\"]",
      "instances": [
        {
          "schema_version": 0,
          "attributes": {
            "condition": [],
            "etag": "BwZGYNyxzSc=",
            "id": "project-60addf72-be9c-4c26-8db/roles/cloudsql.client/serviceAccount:sql-proxy-sa@project-60addf72-be9c-4c26-8db.iam.gserviceaccount.com",
            "member": "serviceAccount:sql-proxy-sa@project-60addf72-be9c-4c26-8db.iam.gserviceaccount.com",
            "project": "project-60addf72-be9c-4c26-8db",
            "role": "roles/cloudsql.client"
          },
          "sensitive_attributes": [],
          "identity_schema_version": 0,
          "private": "bnVsbA==",
          "dependencies": [
            "google_service_account.sql_proxy_sa"
          ]
        }
      ]
    },
    {
      "mode": "managed",
      "type": "google_service_account",
      "name": "sql_proxy_sa",
      "provider": "provider[\"registry.terraform.io/hashicorp/google\"]",
      "instances": [
        {
          "schema_version": 0,
          "attributes": {
            "account_id": "sql-proxy-sa",
            "create_ignore_already_exists": null,
            "description": "",
            "disabled": false,
            "display_name": "Service Account for SQL Auth Proxy",
            "email": "sql-proxy-sa@project-60addf72-be9c-4c26-8db.iam.gserviceaccount.com",
            "id": "projects/project-60addf72-be9c-4c26-8db/serviceAccounts/sql-proxy-sa@project-60addf72-be9c-4c26-8db.iam.gserviceaccount.com",
            "member": "serviceAccount:sql-proxy-sa@project-60addf72-be9c-4c26-8db.iam.gserviceaccount.com",
            "name": "projects/project-60addf72-be9c-4c26-8db/serviceAccounts/sql-proxy-sa@project-60addf72-be9c-4c26-8db.iam.gserviceaccount.com",
            "project": "project-60addf72-be9c-4c26-8db",
            "timeouts": null,
            "unique_id": "100588133430455589669"
          },
          "sensitive_attributes": [],
          "identity_schema_version": 0,
          "private": "eyJlMmJmYjczMC1lY2FhLTExZTYtOGY4OC0zNDM2M2JjN2M0YzAiOnsiY3JlYXRlIjozMDAwMDAwMDAwMDB9fQ=="
        }
      ]
    },
    {
      "mode": "managed",
      "type": "google_service_account_iam_member",
      "name": "workload_identity_user",
      "provider": "provider[\"registry.terraform.io/hashicorp/google\"]",
      "instances": [
        {
          "schema_version": 0,
          "attributes": {
            "condition": [],
            "etag": "BwZGYNxriwU=",
            "id": "projects/project-60addf72-be9c-4c26-8db/serviceAccounts/sql-proxy-sa@project-60addf72-be9c-4c26-8db.iam.gserviceaccount.com/roles/iam.workloadIdentityUser/serviceAccount:project-60addf72-be9c-4c26-8db.svc.id.goog[default/todo-k8s-sa]",
            "member": "serviceAccount:project-60addf72-be9c-4c26-8db.svc.id.goog[default/todo-k8s-sa]",
            "role": "roles/iam.workloadIdentityUser",
            "service_account_id": "projects/project-60addf72-be9c-4c26-8db/serviceAccounts/sql-proxy-sa@project-60addf72-be9c-4c26-8db.iam.gserviceaccount.com"
          },
          "sensitive_attributes": [],
          "identity_schema_version": 0,
          "private": "bnVsbA==",
          "dependencies": [
            "google_service_account.sql_proxy_sa"
          ]
        }
      ]
    },
    {
      "mode": "managed",
      "type": "google_sql_database",
      "name": "todo_db",
      "provider": "provider[\"registry.terraform.io/hashicorp/google\"]",
      "instances": [
        {
          "schema_version": 0,
          "attributes": {
            "charset": "utf8mb4",
            "collation": "utf8mb4_unicode_ci",
            "deletion_policy": "DELETE",
            "id": "projects/project-60addf72-be9c-4c26-8db/instances/todo-db-instance/databases/todo_db",
            "instance": "todo-db-instance",
            "name": "todo_db",
            "project": "project-60addf72-be9c-4c26-8db",
            "self_link": "https://sqladmin.googleapis.com/sql/v1beta4/projects/project-60addf72-be9c-4c26-8db/instances/todo-db-instance/databases/todo_db",
            "timeouts": null
          },
          "sensitive_attributes": [],
          "identity_schema_version": 0,
          "private": "eyJlMmJmYjczMC1lY2FhLTExZTYtOGY4OC0zNDM2M2JjN2M0YzAiOnsiY3JlYXRlIjoxMjAwMDAwMDAwMDAwLCJkZWxldGUiOjEyMDAwMDAwMDAwMDAsInVwZGF0ZSI6MTIwMDAwMDAwMDAwMH19",
          "dependencies": [
            "google_sql_database_instance.todo_db_instance"
          ]
        }
      ]
    },
    {
      "mode": "managed",
      "type": "google_sql_database_instance",
      "name": "todo_db_instance",
      "provider": "provider[\"registry.terraform.io/hashicorp/google\"]",
      "instances": [
        {
          "schema_version": 0,
          "attributes": {
            "available_maintenance_versions": [],
            "backupdr_backup": null,
            "clone": [],
            "connection_name": "project-60addf72-be9c-4c26-8db:asia-east2:todo-db-instance",
            "database_version": "MYSQL_8_0",
            "deletion_protection": false,
            "dns_name": "",
            "dns_names": [],
            "encryption_key_name": null,
            "final_backup_description": null,
            "first_ip_address": "34.92.64.79",
            "id": "todo-db-instance",
            "instance_type": "CLOUD_SQL_INSTANCE",
            "ip_address": [
              {
                "ip_address": "34.92.64.79",
                "time_to_retire": "",
                "type": "PRIMARY"
              }
            ],
            "maintenance_version": "MYSQL_8_0_41.R20251004.01_24",
            "master_instance_name": "",
            "name": "todo-db-instance",
            "node_count": 0,
            "point_in_time_restore_context": [],
            "private_ip_address": "",
            "project": "project-60addf72-be9c-4c26-8db",
            "psc_service_attachment_link": "",
            "public_ip_address": "34.92.64.79",
            "region": "asia-east2",
            "replica_configuration": [],
            "replica_names": [],
            "replication_cluster": [
              {
                "dr_replica": false,
                "failover_dr_replica_name": "",
                "psa_write_endpoint": ""
              }
            ],
            "restore_backup_context": [],
            "root_password": null,
            "root_password_wo": null,
            "root_password_wo_version": null,
            "self_link": "https://sqladmin.googleapis.com/sql/v1beta4/projects/project-60addf72-be9c-4c26-8db/instances/todo-db-instance",
            "server_ca_cert": [
              {
                "cert": "-----BEGIN CERTIFICATE-----\nMIIDfzCCAmegAwIBAgIBADANBgkqhkiG9w0BAQsFADB3MS0wKwYDVQQuEyQzNjU2\nNzI1MC1lNDAxLTRlMDQtYTdjNy0zMWM3ODY5NzU5OGUxIzAhBgNVBAMTGkdvb2ds\nZSBDbG91ZCBTUUwgU2VydmVyIENBMRQwEgYDVQQKEwtHb29nbGUsIEluYzELMAkG\nA1UEBhMCVVMwHhcNMjUxMjIwMTE1NDI1WhcNMzUxMjE4MTE1NTI1WjB3MS0wKwYD\nVQQuEyQzNjU2NzI1MC1lNDAxLTRlMDQtYTdjNy0zMWM3ODY5NzU5OGUxIzAhBgNV\nBAMTGkdvb2dsZSBDbG91ZCBTUUwgU2VydmVyIENBMRQwEgYDVQQKEwtHb29nbGUs\nIEluYzELMAkGA1UEBhMCVVMwggEiMA0GCSqGSIb3DQEBAQUAA4IBDwAwggEKAoIB\nAQCj875hShDQqSWNLPHKmQAFcr/PAFLKW6QIcvseUgQkhAP2vDCC40RNbL/J9H/s\nqoBFTuSAqs878VE10lQIY4XgN0QAuydCuWBLCezakNtuc4AaM/+FMrXIrHAA2Dvr\nWrV8VlEj/QGPf0SIBGp/UXLGmENi4k+2QnMybDvdhdYjdBP65RBw4HnmVwrMnywb\naALETBh1RkpeFGBq5mhXwZW5PQm1EDDlyU8Atr5ocBgEI21WY45zks9mmO6qh906\n8aJ3Km+Yhc/I9ZGweQF6XR3S0sMmKKEg9zNcunuDlPN2EKDMLyno57ZtFhxeFUju\nwZ3EZFSszgn2CTco6zQp7qpBAgMBAAGjFjAUMBIGA1UdEwEB/wQIMAYBAf8CAQAw\nDQYJKoZIhvcNAQELBQADggEBAJtIo/umJd6Gr9cWUHbOSTAnS1vOrRSEAdVSJ/CO\neEy0rXiIaoQk1pqMrJRlxXdlSFdiLKfPLaf9tv1Gxr60t8KCl6AZRkjyVbcb6L9X\nqGC1baj8eAkC834vMFH7vJ8KjT8rz2gEflChP9wvOLXq9/8lFXLgRBgtIUDjkvAo\n4ARKqxY5WacWVj8Q+d57qY0zpW9nE19wfTRuCkUWgYQBa0hKOFJQr/JJIgnJb+TW\n8/g/lA0NVtkAtekjuVLoTrwhL2svsc7BxNIqzaN+IBB5tpCdleBmZRRb5J0wNjgL\nYKpAWXVNPHtS1jB53cIxbKKaEyKdLX+zSfbWmAxEIOZaZvA=\n-----END CERTIFICATE-----",
                "common_name": "C=US,O=Google\\, Inc,CN=Google Cloud SQL Server CA,dnQualifier=36567250-e401-4e04-a7c7-31c78697598e",
                "create_time": "2025-12-20T11:54:25.256Z",
                "expiration_time": "2035-12-18T11:55:25.256Z",
                "sha1_fingerprint": "d16b573bd58d37f4b43c99121174b34347988edc"
              }
            ],
            "service_account_email_address": "p378042797368-o3z2op@gcp-sa-cloud-sql.iam.gserviceaccount.com",
            "settings": [
              {
                "activation_policy": "ALWAYS",
                "active_directory_config": [],
                "advanced_machine_features": [],
                "availability_type": "ZONAL",
                "backup_configuration": [
                  {
                    "backup_retention_settings": [
                      {
                        "retained_backups": 7,
                        "retention_unit": "COUNT"
                      }
                    ],
                    "backup_tier": "STANDARD",
                    "binary_log_enabled": false,
                    "enabled": false,
                    "location": "",
                    "point_in_time_recovery_enabled": false,
                    "start_time": "20:00",
                    "transaction_log_retention_days": 7
                  }
                ],
                "collation": "",
                "connection_pool_config": [],
                "connector_enforcement": "NOT_REQUIRED",
                "data_cache_config": [
                  {
                    "data_cache_enabled": false
                  }
                ],
                "database_flags": [],
                "deletion_protection_enabled": false,
                "deny_maintenance_period": [],
                "disk_autoresize": true,
                "disk_autoresize_limit": 0,
                "disk_size": 10,
                "disk_type": "PD_SSD",
                "edition": "ENTERPRISE",
                "effective_availability_type": "ZONAL",
                "enable_dataplex_integration": false,
                "enable_google_ml_integration": false,
                "final_backup_config": [],
                "insights_config": [],
                "ip_configuration": [
                  {
                    "allocated_ip_range": "",
                    "authorized_networks": [],
                    "custom_subject_alternative_names": [],
                    "enable_private_path_for_google_cloud_services": false,
                    "ipv4_enabled": true,
                    "private_network": "",
                    "psc_config": [],
                    "server_ca_mode": "GOOGLE_MANAGED_INTERNAL_CA",
                    "server_ca_pool": "",
                    "ssl_mode": "ALLOW_UNENCRYPTED_AND_ENCRYPTED"
                  }
                ],
                "location_preference": [
                  {
                    "follow_gae_application": "",
                    "secondary_zone": "",
                    "zone": "asia-east2-c"
                  }
                ],
                "maintenance_window": [],
                "password_validation_policy": [],
                "pricing_plan": "PER_USE",
                "read_pool_auto_scale_config": [
                  {
                    "disable_scale_in": false,
                    "enabled": false,
                    "max_node_count": 0,
                    "min_node_count": 0,
                    "scale_in_cooldown_seconds": 0,
                    "scale_out_cooldown_seconds": 0,
                    "target_metrics": []
                  }
                ],
                "retain_backups_on_delete": false,
                "sql_server_audit_config": [],
                "tier": "db-n1-standard-2",
                "time_zone": "",
                "user_labels": {},
                "version": 2
              }
            ],
            "timeouts": null
          },
          "sensitive_attributes": [
            [
              {
                "type": "get_attr",
                "value": "root_password"
              }
            ],
            [
              {
                "type": "get_attr",
                "value": "server_ca_cert"
              }
            ]
          ],
          "identity_schema_version": 0,
          "private": "eyJlMmJmYjczMC1lY2FhLTExZTYtOGY4OC0zNDM2M2JjN2M0YzAiOnsiY3JlYXRlIjo1NDAwMDAwMDAwMDAwLCJkZWxldGUiOjU0MDAwMDAwMDAwMDAsInVwZGF0ZSI6NTQwMDAwMDAwMDAwMH19"
        }
      ]
    },
    {
      "mode": "managed",
      "type": "google_sql_user",
      "name": "jerry_user",
      "provider": "provider[\"registry.terraform.io/hashicorp/google\"]",
      "instances": [
        {
          "schema_version": 1,
          "attributes": {
            "deletion_policy": null,
            "host": "%",
            "id": "jerry/%/todo-db-instance",
            "instance": "todo-db-instance",
            "name": "jerry",
            "password": "000000",
            "password_policy": [],
            "password_wo": null,
            "password_wo_version": null,
            "project": "project-60addf72-be9c-4c26-8db",
            "sql_server_user_details": [],
            "timeouts": null,
            "type": ""
          },
          "sensitive_attributes": [
            [
              {
                "type": "get_attr",
                "value": "password"
              }
            ]
          ],
          "identity_schema_version": 0,
          "private": "eyJlMmJmYjczMC1lY2FhLTExZTYtOGY4OC0zNDM2M2JjN2M0YzAiOnsiY3JlYXRlIjo2MDAwMDAwMDAwMDAsImRlbGV0ZSI6NjAwMDAwMDAwMDAwLCJ1cGRhdGUiOjYwMDAwMDAwMDAwMH0sInNjaGVtYV92ZXJzaW9uIjoiMSJ9",
          "dependencies": [
            "google_sql_database_instance.todo_db_instance"
          ]
        }
      ]
    },
    {
      "mode": "managed",
      "type": "google_sql_user",
      "name": "root_user",
      "provider": "provider[\"registry.terraform.io/hashicorp/google\"]",
      "instances": [
        {
          "schema_version": 1,
          "attributes": {
            "deletion_policy": null,
            "host": "%",
            "id": "root/%/todo-db-instance",
            "instance": "todo-db-instance",
            "name": "root",
            "password": "123456",
            "password_policy": [],
            "password_wo": null,
            "password_wo_version": null,
            "project": "project-60addf72-be9c-4c26-8db",
            "sql_server_user_details": [],
            "timeouts": null,
            "type": ""
          },
          "sensitive_attributes": [
            [
              {
                "type": "get_attr",
                "value": "password"
              }
            ]
          ],
          "identity_schema_version": 0,
          "private": "eyJlMmJmYjczMC1lY2FhLTExZTYtOGY4OC0zNDM2M2JjN2M0YzAiOnsiY3JlYXRlIjo2MDAwMDAwMDAwMDAsImRlbGV0ZSI6NjAwMDAwMDAwMDAwLCJ1cGRhdGUiOjYwMDAwMDAwMDAwMH0sInNjaGVtYV92ZXJzaW9uIjoiMSJ9",
          "dependencies": [
            "google_sql_database_instance.todo_db_instance"
          ]
        }
      ]
    }
  ],
  "check_results": null
}
