{
  "version": 4,
  "terraform_version": "1.14.3",
  "serial": 11,
  "lineage": "d9dbee63-3ccb-6671-5854-6547a17ec0ea",
  "outputs": {},
  "resources": [
    {
      "mode": "managed",
      "type": "google_project_iam_member",
      "name": "sql_client_role",
      "provider": "provider[\"registry.terraform.io/hashicorp/google\"]",
      "instances": [
        {
          "schema_version": 0,
          "attributes": {
            "condition": [],
            "etag": "BwZGYNyxzSc=",
            "id": "project-60addf72-be9c-4c26-8db/roles/cloudsql.client/serviceAccount:sql-proxy-sa@project-60addf72-be9c-4c26-8db.iam.gserviceaccount.com",
            "member": "serviceAccount:sql-proxy-sa@project-60addf72-be9c-4c26-8db.iam.gserviceaccount.com",
            "project": "project-60addf72-be9c-4c26-8db",
            "role": "roles/cloudsql.client"
          },
          "sensitive_attributes": [],
          "identity_schema_version": 0,
          "private": "bnVsbA==",
          "dependencies": [
            "google_service_account.sql_proxy_sa"
          ]
        }
      ]
    },
    {
      "mode": "managed",
      "type": "google_service_account",
      "name": "sql_proxy_sa",
      "provider": "provider[\"registry.terraform.io/hashicorp/google\"]",
      "instances": [
        {
          "schema_version": 0,
          "attributes": {
            "account_id": "sql-proxy-sa",
            "create_ignore_already_exists": null,
            "description": "",
            "disabled": false,
            "display_name": "Service Account for SQL Auth Proxy",
            "email": "sql-proxy-sa@project-60addf72-be9c-4c26-8db.iam.gserviceaccount.com",
            "id": "projects/project-60addf72-be9c-4c26-8db/serviceAccounts/sql-proxy-sa@project-60addf72-be9c-4c26-8db.iam.gserviceaccount.com",
            "member": "serviceAccount:sql-proxy-sa@project-60addf72-be9c-4c26-8db.iam.gserviceaccount.com",
            "name": "projects/project-60addf72-be9c-4c26-8db/serviceAccounts/sql-proxy-sa@project-60addf72-be9c-4c26-8db.iam.gserviceaccount.com",
            "project": "project-60addf72-be9c-4c26-8db",
            "timeouts": null,
            "unique_id": "100588133430455589669"
          },
          "sensitive_attributes": [],
          "identity_schema_version": 0,
          "private": "eyJlMmJmYjczMC1lY2FhLTExZTYtOGY4OC0zNDM2M2JjN2M0YzAiOnsiY3JlYXRlIjozMDAwMDAwMDAwMDB9fQ=="
        }
      ]
    },
    {
      "mode": "managed",
      "type": "google_service_account_iam_member",
      "name": "workload_identity_user",
      "provider": "provider[\"registry.terraform.io/hashicorp/google\"]",
      "instances": [
        {
          "schema_version": 0,
          "attributes": {
            "condition": [],
            "etag": "BwZGYNxriwU=",
            "id": "projects/project-60addf72-be9c-4c26-8db/serviceAccounts/sql-proxy-sa@project-60addf72-be9c-4c26-8db.iam.gserviceaccount.com/roles/iam.workloadIdentityUser/serviceAccount:project-60addf72-be9c-4c26-8db.svc.id.goog[default/todo-k8s-sa]",
            "member": "serviceAccount:project-60addf72-be9c-4c26-8db.svc.id.goog[default/todo-k8s-sa]",
            "role": "roles/iam.workloadIdentityUser",
            "service_account_id": "projects/project-60addf72-be9c-4c26-8db/serviceAccounts/sql-proxy-sa@project-60addf72-be9c-4c26-8db.iam.gserviceaccount.com"
          },
          "sensitive_attributes": [],
          "identity_schema_version": 0,
          "private": "bnVsbA==",
          "dependencies": [
            "google_service_account.sql_proxy_sa"
          ]
        }
      ]
    },
    {
      "mode": "managed",
      "type": "google_sql_database",
      "name": "todo_db",
      "provider": "provider[\"registry.terraform.io/hashicorp/google\"]",
      "instances": [
        {
          "schema_version": 0,
          "attributes": {
            "charset": "utf8mb4",
            "collation": "utf8mb4_unicode_ci",
            "deletion_policy": "DELETE",
            "id": "projects/project-60addf72-be9c-4c26-8db/instances/todo-db-instance/databases/todo_db",
            "instance": "todo-db-instance",
            "name": "todo_db",
            "project": "project-60addf72-be9c-4c26-8db",
            "self_link": "https://sqladmin.googleapis.com/sql/v1beta4/projects/project-60addf72-be9c-4c26-8db/instances/todo-db-instance/databases/todo_db",
            "timeouts": null
          },
          "sensitive_attributes": [],
          "identity_schema_version": 0,
          "private": "eyJlMmJmYjczMC1lY2FhLTExZTYtOGY4OC0zNDM2M2JjN2M0YzAiOnsiY3JlYXRlIjoxMjAwMDAwMDAwMDAwLCJkZWxldGUiOjEyMDAwMDAwMDAwMDAsInVwZGF0ZSI6MTIwMDAwMDAwMDAwMH19",
          "dependencies": [
            "google_sql_database_instance.todo_db_instance"
          ]
        }
      ]
    },
    {
      "mode": "managed",
      "type": "google_sql_database_instance",
      "name": "todo_db_instance",
      "provider": "provider[\"registry.terraform.io/hashicorp/google\"]",
      "instances": [
        {
          "schema_version": 0,
          "attributes": {
            "available_maintenance_versions": [],
            "backupdr_backup": null,
            "clone": [],
            "connection_name": "project-60addf72-be9c-4c26-8db:asia-east2:todo-db-instance",
            "database_version": "MYSQL_8_0",
            "deletion_protection": false,
            "dns_name": "",
            "dns_names": [],
            "encryption_key_name": null,
            "final_backup_description": null,
            "first_ip_address": "34.92.64.79",
            "id": "todo-db-instance",
            "instance_type": "CLOUD_SQL_INSTANCE",
            "ip_address": [
              {
                "ip_address": "34.92.64.79",
                "time_to_retire": "",
                "type": "PRIMARY"
              }
            ],
            "maintenance_version": "MYSQL_8_0_41.R20251004.01_24",
            "master_instance_name": "",
            "name": "todo-db-instance",
            "node_count": 0,
            "point_in_time_restore_context": [],
            "private_ip_address": "",
            "project": "project-60addf72-be9c-4c26-8db",
            "psc_service_attachment_link": "",
            "public_ip_address": "34.92.64.79",
            "region": "asia-east2",
            "replica_configuration": [],
            "replica_names": [],
            "replication_cluster": [
              {
                "dr_replica": false,
                "failover_dr_replica_name": "",
                "psa_write_endpoint": ""
              }
            ],
            "restore_backup_context": [],
            "root_password": null,
            "root_password_wo": null,
            "root_password_wo_version": null,
            "self_link": "https://sqladmin.googleapis.com/sql/v1beta4/projects/project-60addf72-be9c-4c26-8db/instances/todo-db-instance",
            "server_ca_cert": [
              {
                "cert": "-----BEGIN CERTIFICATE-----\nMIIDfzCCAmegAwIBAgIBADANBgkqhkiG9w0BAQsFADB3MS0wKwYDVQQuEyQzNjU2\nNzI1MC1lNDAxLTRlMDQtYTdjNy0zMWM3ODY5NzU5OGUxIzAhBgNVBAMTGkdvb2ds\nZSBDbG91ZCBTUUwgU2VydmVyIENBMRQwEgYDVQQKEwtHb29nbGUsIEluYzELMAkG\nA1UEBhMCVVMwHhcNMjUxMjIwMTE1NDI1WhcNMzUxMjE4MTE1NTI1WjB3MS0wKwYD\nVQQuEyQzNjU2NzI1MC1lNDAxLTRlMDQtYTdjNy0zMWM3ODY5NzU5OGUxIzAhBgNV\nBAMTGkdvb2dsZSBDbG91ZCBTUUwgU2VydmVyIENBMRQwEgYDVQQKEwtHb29nbGUs\nIEluYzELMAkGA1UEBhMCVVMwggEiMA0GCSqGSIb3DQEBAQUAA4IBDwAwggEKAoIB\nAQCj875hShDQqSWNLPHKmQAFcr/PAFLKW6QIcvseUgQkhAP2vDCC40RNbL/J9H/s\nqoBFTuSAqs878VE10lQIY4XgN0QAuydCuWBLCezakNtuc4AaM/+FMrXIrHAA2Dvr\nWrV8VlEj/QGPf0SIBGp/UXLGmENi4k+2QnMybDvdhdYjdBP65RBw4HnmVwrMnywb\naALETBh1RkpeFGBq5mhXwZW5PQm1EDDlyU8Atr5ocBgEI21WY45zks9mmO6qh906\n8aJ3Km+Yhc/I9ZGweQF6XR3S0sMmKKEg9zNcunuDlPN2EKDMLyno57ZtFhxeFUju\nwZ3EZFSszgn2CTco6zQp7qpBAgMBAAGjFjAUMBIGA1UdEwEB/wQIMAYBAf8CAQAw\nDQYJKoZIhvcNAQELBQADggEBAJtIo/umJd6Gr9cWUHbOSTAnS1vOrRSEAdVSJ/CO\neEy0rXiIaoQk1pqMrJRlxXdlSFdiLKfPLaf9tv1Gxr60t8KCl6AZRkjyVbcb6L9X\nqGC1baj8eAkC834vMFH7vJ8KjT8rz2gEflChP9wvOLXq9/8lFXLgRBgtIUDjkvAo\n4ARKqxY5WacWVj8Q+d57qY0zpW9nE19wfTRuCkUWgYQBa0hKOFJQr/JJIgnJb+TW\n8/g/lA0NVtkAtekjuVLoTrwhL2svsc7BxNIqzaN+IBB5tpCdleBmZRRb5J0wNjgL\nYKpAWXVNPHtS1jB53cIxbKKaEyKdLX+zSfbWmAxEIOZaZvA=\n-----END CERTIFICATE-----",
                "common_name": "C=US,O=Google\\, Inc,CN=Google Cloud SQL Server CA,dnQualifier=36567250-e401-4e04-a7c7-31c78697598e",
                "create_time": "2025-12-20T11:54:25.256Z",
                "expiration_time": "2035-12-18T11:55:25.256Z",
                "sha1_fingerprint": "d16b573bd58d37f4b43c99121174b34347988edc"
              }
            ],
            "service_account_email_address": "p378042797368-o3z2op@gcp-sa-cloud-sql.iam.gserviceaccount.com",
            "settings": [
              {
                "activation_policy": "ALWAYS",
                "active_directory_config": [],
                "advanced_machine_features": [],
                "availability_type": "ZONAL",
                "backup_configuration": [
                  {
                    "backup_retention_settings": [
                      {
                        "retained_backups": 7,
                        "retention_unit": "COUNT"
                      }
                    ],
                    "backup_tier": "STANDARD",
                    "binary_log_enabled": false,
                    "enabled": false,
                    "location": "",
                    "point_in_time_recovery_enabled": false,
                    "start_time": "20:00",
                    "transaction_log_retention_days": 7
                  }
                ],
                "collation": "",
                "connection_pool_config": [],
                "connector_enforcement": "NOT_REQUIRED",
                "data_cache_config": [
                  {
                    "data_cache_enabled": false
                  }
                ],
                "database_flags": [],
                "deletion_protection_enabled": false,
                "deny_maintenance_period": [],
                "disk_autoresize": true,
                "disk_autoresize_limit": 0,
                "disk_size": 10,
                "disk_type": "PD_SSD",
                "edition": "ENTERPRISE",
                "effective_availability_type": "ZONAL",
                "enable_dataplex_integration": false,
                "enable_google_ml_integration": false,
                "final_backup_config": [],
                "insights_config": [],
                "ip_configuration": [
                  {
                    "allocated_ip_range": "",
                    "authorized_networks": [],
                    "custom_subject_alternative_names": [],
                    "enable_private_path_for_google_cloud_services": false,
                    "ipv4_enabled": true,
                    "private_network": "",
                    "psc_config": [],
                    "server_ca_mode": "GOOGLE_MANAGED_INTERNAL_CA",
                    "server_ca_pool": "",
                    "ssl_mode": "ALLOW_UNENCRYPTED_AND_ENCRYPTED"
                  }
                ],
                "location_preference": [
                  {
                    "follow_gae_application": "",
                    "secondary_zone": "",
                    "zone": "asia-east2-c"
                  }
                ],
                "maintenance_window": [],
                "password_validation_policy": [],
                "pricing_plan": "PER_USE",
                "read_pool_auto_scale_config": [
                  {
                    "disable_scale_in": false,
                    "enabled": false,
                    "max_node_count": 0,
                    "min_node_count": 0,
                    "scale_in_cooldown_seconds": 0,
                    "scale_out_cooldown_seconds": 0,
                    "target_metrics": []
                  }
                ],
                "retain_backups_on_delete": false,
                "sql_server_audit_config": [],
                "tier": "db-n1-standard-2",
                "time_zone": "",
                "user_labels": {},
                "version": 2
              }
            ],
            "timeouts": null
          },
          "sensitive_attributes": [
            [
              {
                "type": "get_attr",
                "value": "root_password"
              }
            ],
            [
              {
                "type": "get_attr",
                "value": "server_ca_cert"
              }
            ]
          ],
          "identity_schema_version": 0,
          "private": "eyJlMmJmYjczMC1lY2FhLTExZTYtOGY4OC0zNDM2M2JjN2M0YzAiOnsiY3JlYXRlIjo1NDAwMDAwMDAwMDAwLCJkZWxldGUiOjU0MDAwMDAwMDAwMDAsInVwZGF0ZSI6NTQwMDAwMDAwMDAwMH19"
        }
      ]
    },
    {
      "mode": "managed",
      "type": "google_sql_user",
      "name": "jerry_user",
      "provider": "provider[\"registry.terraform.io/hashicorp/google\"]",
      "instances": [
        {
          "schema_version": 1,
          "attributes": {
            "deletion_policy": null,
            "host": "%",
            "id": "jerry/%/todo-db-instance",
            "instance": "todo-db-instance",
            "name": "jerry",
            "password": "000000",
            "password_policy": [],
            "password_wo": null,
            "password_wo_version": null,
            "project": "project-60addf72-be9c-4c26-8db",
            "sql_server_user_details": [],
            "timeouts": null,
            "type": ""
          },
          "sensitive_attributes": [
            [
              {
                "type": "get_attr",
                "value": "password"
              }
            ]
          ],
          "identity_schema_version": 0,
          "private": "eyJlMmJmYjczMC1lY2FhLTExZTYtOGY4OC0zNDM2M2JjN2M0YzAiOnsiY3JlYXRlIjo2MDAwMDAwMDAwMDAsImRlbGV0ZSI6NjAwMDAwMDAwMDAwLCJ1cGRhdGUiOjYwMDAwMDAwMDAwMH0sInNjaGVtYV92ZXJzaW9uIjoiMSJ9",
          "dependencies": [
            "google_sql_database_instance.todo_db_instance"
          ]
        }
      ]
    },
    {
      "mode": "managed",
      "type": "google_sql_user",
      "name": "root_user",
      "provider": "provider[\"registry.terraform.io/hashicorp/google\"]",
      "instances": [
        {
          "schema_version": 1,
          "attributes": {
            "deletion_policy": null,
            "host": "%",
            "id": "root/%/todo-db-instance",
            "instance": "todo-db-instance",
            "name": "root",
            "password": "123456",
            "password_policy": [],
            "password_wo": null,
            "password_wo_version": null,
            "project": "project-60addf72-be9c-4c26-8db",
            "sql_server_user_details": [],
            "timeouts": null,
            "type": ""
          },
          "sensitive_attributes": [
            [
              {
                "type": "get_attr",
                "value": "password"
              }
            ]
          ],
          "identity_schema_version": 0,
          "private": "eyJlMmJmYjczMC1lY2FhLTExZTYtOGY4OC0zNDM2M2JjN2M0YzAiOnsiY3JlYXRlIjo2MDAwMDAwMDAwMDAsImRlbGV0ZSI6NjAwMDAwMDAwMDAwLCJ1cGRhdGUiOjYwMDAwMDAwMDAwMH0sInNjaGVtYV92ZXJzaW9uIjoiMSJ9",
          "dependencies": [
            "google_sql_database_instance.todo_db_instance"
          ]
        }
      ]
    }
  ],
  "check_results": null
}
